// !$*UTF8*$!
{
	archiveVersion = 1;
	classes = {
	};
	objectVersion = 46;
	objects = {

/* Begin PBXBuildFile section */
		986AD2411CE8F02B00BE8679 /* PlaySoundsViewController.swift in Sources */ = {isa = PBXBuildFile; fileRef = 986AD2401CE8F02B00BE8679 /* PlaySoundsViewController.swift */; };
		986AD2431CE91DDA00BE8679 /* PlaySoundsViewController+Audio.swift in Sources */ = {isa = PBXBuildFile; fileRef = 986AD2421CE91DDA00BE8679 /* PlaySoundsViewController+Audio.swift */; };
		98AA2EF81CE6A4D200CBFAF5 /* AppDelegate.swift in Sources */ = {isa = PBXBuildFile; fileRef = 98AA2EF71CE6A4D200CBFAF5 /* AppDelegate.swift */; };
		98AA2EFA1CE6A4D200CBFAF5 /* RecordViewController.swift in Sources */ = {isa = PBXBuildFile; fileRef = 98AA2EF91CE6A4D200CBFAF5 /* RecordViewController.swift */; };
		98AA2EFD1CE6A4D200CBFAF5 /* Main.storyboard in Resources */ = {isa = PBXBuildFile; fileRef = 98AA2EFB1CE6A4D200CBFAF5 /* Main.storyboard */; };
		98AA2EFF1CE6A4D200CBFAF5 /* Assets.xcassets in Resources */ = {isa = PBXBuildFile; fileRef = 98AA2EFE1CE6A4D200CBFAF5 /* Assets.xcassets */; };
		98AA2F021CE6A4D200CBFAF5 /* LaunchScreen.storyboard in Resources */ = {isa = PBXBuildFile; fileRef = 98AA2F001CE6A4D200CBFAF5 /* LaunchScreen.storyboard */; };
/* End PBXBuildFile section */

/* Begin PBXContainerItemProxy section */
		98AA2F091CE6A4D200CBFAF5 /* PBXContainerItemProxy */ = {
			isa = PBXContainerItemProxy;
			containerPortal = 98AA2EEC1CE6A4D200CBFAF5 /* Project object */;
			proxyType = 1;
			remoteGlobalIDString = 98AA2EF31CE6A4D200CBFAF5;
			remoteInfo = PitchPerfect;
		};
		98AA2F141CE6A4D200CBFAF5 /* PBXContainerItemProxy */ = {
			isa = PBXContainerItemProxy;
			containerPortal = 98AA2EEC1CE6A4D200CBFAF5 /* Project object */;
			proxyType = 1;
			remoteGlobalIDString = 98AA2EF31CE6A4D200CBFAF5;
			remoteInfo = PitchPerfect;
		};
/* End PBXContainerItemProxy section */

/* Begin PBXFileReference section */
		986AD2401CE8F02B00BE8679 /* PlaySoundsViewController.swift */ = {isa = PBXFileReference; fileEncoding = 4; lastKnownFileType = sourcecode.swift; path = PlaySoundsViewController.swift; sourceTree = "<group>"; };
		986AD2421CE91DDA00BE8679 /* PlaySoundsViewController+Audio.swift */ = {isa = PBXFileReference; fileEncoding = 4; lastKnownFileType = sourcecode.swift; path = "PlaySoundsViewController+Audio.swift"; sourceTree = "<group>"; };
		98AA2EF41CE6A4D200CBFAF5 /* PitchPerfect.app */ = {isa = PBXFileReference; explicitFileType = wrapper.application; includeInIndex = 0; path = PitchPerfect.app; sourceTree = BUILT_PRODUCTS_DIR; };
		98AA2EF71CE6A4D200CBFAF5 /* AppDelegate.swift */ = {isa = PBXFileReference; lastKnownFileType = sourcecode.swift; path = AppDelegate.swift; sourceTree = "<group>"; };
		98AA2EF91CE6A4D200CBFAF5 /* RecordViewController.swift */ = {isa = PBXFileReference; lastKnownFileType = sourcecode.swift; path = RecordViewController.swift; sourceTree = "<group>"; };
		98AA2EFC1CE6A4D200CBFAF5 /* Base */ = {isa = PBXFileReference; lastKnownFileType = file.storyboard; name = Base; path = Base.lproj/Main.storyboard; sourceTree = "<group>"; };
		98AA2EFE1CE6A4D200CBFAF5 /* Assets.xcassets */ = {isa = PBXFileReference; lastKnownFileType = folder.assetcatalog; path = Assets.xcassets; sourceTree = "<group>"; };
		98AA2F011CE6A4D200CBFAF5 /* Base */ = {isa = PBXFileReference; lastKnownFileType = file.storyboard; name = Base; path = Base.lproj/LaunchScreen.storyboard; sourceTree = "<group>"; };
		98AA2F031CE6A4D200CBFAF5 /* Info.plist */ = {isa = PBXFileReference; lastKnownFileType = text.plist.xml; path = Info.plist; sourceTree = "<group>"; };
		98AA2F081CE6A4D200CBFAF5 /* PitchPerfectTests.xctest */ = {isa = PBXFileReference; explicitFileType = wrapper.cfbundle; includeInIndex = 0; path = PitchPerfectTests.xctest; sourceTree = BUILT_PRODUCTS_DIR; };
		98AA2F131CE6A4D200CBFAF5 /* PitchPerfectUITests.xctest */ = {isa = PBXFileReference; explicitFileType = wrapper.cfbundle; includeInIndex = 0; path = PitchPerfectUITests.xctest; sourceTree = BUILT_PRODUCTS_DIR; };
/* End PBXFileReference section */

/* Begin PBXFrameworksBuildPhase section */
		98AA2EF11CE6A4D200CBFAF5 /* Frameworks */ = {
			isa = PBXFrameworksBuildPhase;
			buildActionMask = 2147483647;
			files = (
			);
			runOnlyForDeploymentPostprocessing = 0;
		};
		98AA2F051CE6A4D200CBFAF5 /* Frameworks */ = {
			isa = PBXFrameworksBuildPhase;
			buildActionMask = 2147483647;
			files = (
			);
			runOnlyForDeploymentPostprocessing = 0;
		};
		98AA2F101CE6A4D200CBFAF5 /* Frameworks */ = {
			isa = PBXFrameworksBuildPhase;
			buildActionMask = 2147483647;
			files = (
			);
			runOnlyForDeploymentPostprocessing = 0;
		};
/* End PBXFrameworksBuildPhase section */

/* Begin PBXGroup section */
		98AA2EEB1CE6A4D200CBFAF5 = {
			isa = PBXGroup;
			children = (
				98AA2EF61CE6A4D200CBFAF5 /* PitchPerfect */,
				98AA2EF51CE6A4D200CBFAF5 /* Products */,
			);
			sourceTree = "<group>";
		};
		98AA2EF51CE6A4D200CBFAF5 /* Products */ = {
			isa = PBXGroup;
			children = (
				98AA2EF41CE6A4D200CBFAF5 /* PitchPerfect.app */,
				98AA2F081CE6A4D200CBFAF5 /* PitchPerfectTests.xctest */,
				98AA2F131CE6A4D200CBFAF5 /* PitchPerfectUITests.xctest */,
			);
			name = Products;
			sourceTree = "<group>";
		};
		98AA2EF61CE6A4D200CBFAF5 /* PitchPerfect */ = {
			isa = PBXGroup;
			children = (
				98AA2EF71CE6A4D200CBFAF5 /* AppDelegate.swift */,
				98AA2EF91CE6A4D200CBFAF5 /* RecordViewController.swift */,
				986AD2401CE8F02B00BE8679 /* PlaySoundsViewController.swift */,
				986AD2421CE91DDA00BE8679 /* PlaySoundsViewController+Audio.swift */,
				98AA2EFB1CE6A4D200CBFAF5 /* Main.storyboard */,
				98AA2EFE1CE6A4D200CBFAF5 /* Assets.xcassets */,
				98AA2F001CE6A4D200CBFAF5 /* LaunchScreen.storyboard */,
				98AA2F031CE6A4D200CBFAF5 /* Info.plist */,
			);
			path = PitchPerfect;
			sourceTree = "<group>";
		};
/* End PBXGroup section */

/* Begin PBXNativeTarget section */
		98AA2EF31CE6A4D200CBFAF5 /* PitchPerfect */ = {
			isa = PBXNativeTarget;
			buildConfigurationList = 98AA2F1C1CE6A4D200CBFAF5 /* Build configuration list for PBXNativeTarget "PitchPerfect" */;
			buildPhases = (
				98AA2EF01CE6A4D200CBFAF5 /* Sources */,
				98AA2EF11CE6A4D200CBFAF5 /* Frameworks */,
				98AA2EF21CE6A4D200CBFAF5 /* Resources */,
			);
			buildRules = (
			);
			dependencies = (
			);
			name = PitchPerfect;
			productName = PitchPerfect;
			productReference = 98AA2EF41CE6A4D200CBFAF5 /* PitchPerfect.app */;
			productType = "com.apple.product-type.application";
		};
		98AA2F071CE6A4D200CBFAF5 /* PitchPerfectTests */ = {
			isa = PBXNativeTarget;
			buildConfigurationList = 98AA2F1F1CE6A4D200CBFAF5 /* Build configuration list for PBXNativeTarget "PitchPerfectTests" */;
			buildPhases = (
				98AA2F041CE6A4D200CBFAF5 /* Sources */,
				98AA2F051CE6A4D200CBFAF5 /* Frameworks */,
				98AA2F061CE6A4D200CBFAF5 /* Resources */,
			);
			buildRules = (
			);
			dependencies = (
				98AA2F0A1CE6A4D200CBFAF5 /* PBXTargetDependency */,
			);
			name = PitchPerfectTests;
			productName = PitchPerfectTests;
			productReference = 98AA2F081CE6A4D200CBFAF5 /* PitchPerfectTests.xctest */;
			productType = "com.apple.product-type.bundle.unit-test";
		};
		98AA2F121CE6A4D200CBFAF5 /* PitchPerfectUITests */ = {
			isa = PBXNativeTarget;
			buildConfigurationList = 98AA2F221CE6A4D200CBFAF5 /* Build configuration list for PBXNativeTarget "PitchPerfectUITests" */;
			buildPhases = (
				98AA2F0F1CE6A4D200CBFAF5 /* Sources */,
				98AA2F101CE6A4D200CBFAF5 /* Frameworks */,
				98AA2F111CE6A4D200CBFAF5 /* Resources */,
			);
			buildRules = (
			);
			dependencies = (
				98AA2F151CE6A4D200CBFAF5 /* PBXTargetDependency */,
			);
			name = PitchPerfectUITests;
			productName = PitchPerfectUITests;
			productReference = 98AA2F131CE6A4D200CBFAF5 /* PitchPerfectUITests.xctest */;
			productType = "com.apple.product-type.bundle.ui-testing";
		};
/* End PBXNativeTarget section */

/* Begin PBXProject section */
		98AA2EEC1CE6A4D200CBFAF5 /* Project object */ = {
			isa = PBXProject;
			attributes = {
				LastSwiftUpdateCheck = 0730;
				LastUpgradeCheck = 0730;
				ORGANIZATIONNAME = "Muriel Silveira Pereira";
				TargetAttributes = {
					98AA2EF31CE6A4D200CBFAF5 = {
						CreatedOnToolsVersion = 7.3;
					};
					98AA2F071CE6A4D200CBFAF5 = {
						CreatedOnToolsVersion = 7.3;
						TestTargetID = 98AA2EF31CE6A4D200CBFAF5;
					};
					98AA2F121CE6A4D200CBFAF5 = {
						CreatedOnToolsVersion = 7.3;
						TestTargetID = 98AA2EF31CE6A4D200CBFAF5;
					};
				};
			};
			buildConfigurationList = 98AA2EEF1CE6A4D200CBFAF5 /* Build configuration list for PBXProject "PitchPerfect" */;
			compatibilityVersion = "Xcode 3.2";
			developmentRegion = English;
			hasScannedForEncodings = 0;
			knownRegions = (
				en,
				Base,
			);
			mainGroup = 98AA2EEB1CE6A4D200CBFAF5;
			productRefGroup = 98AA2EF51CE6A4D200CBFAF5 /* Products */;
			projectDirPath = "";
			projectRoot = "";
			targets = (
				98AA2EF31CE6A4D200CBFAF5 /* PitchPerfect */,
				98AA2F071CE6A4D200CBFAF5 /* PitchPerfectTests */,
				98AA2F121CE6A4D200CBFAF5 /* PitchPerfectUITests */,
			);
		};
/* End PBXProject section */

/* Begin PBXResourcesBuildPhase section */
		98AA2EF21CE6A4D200CBFAF5 /* Resources */ = {
			isa = PBXResourcesBuildPhase;
			buildActionMask = 2147483647;
			files = (
				98AA2F021CE6A4D200CBFAF5 /* LaunchScreen.storyboard in Resources */,
				98AA2EFF1CE6A4D200CBFAF5 /* Assets.xcassets in Resources */,
				98AA2EFD1CE6A4D200CBFAF5 /* Main.storyboard in Resources */,
			);
			runOnlyForDeploymentPostprocessing = 0;
		};
		98AA2F061CE6A4D200CBFAF5 /* Resources */ = {
			isa = PBXResourcesBuildPhase;
			buildActionMask = 2147483647;
			files = (
			);
			runOnlyForDeploymentPostprocessing = 0;
		};
		98AA2F111CE6A4D200CBFAF5 /* Resources */ = {
			isa = PBXResourcesBuildPhase;
			buildActionMask = 2147483647;
			files = (
			);
			runOnlyForDeploymentPostprocessing = 0;
		};
/* End PBXResourcesBuildPhase section */

/* Begin PBXSourcesBuildPhase section */
		98AA2EF01CE6A4D200CBFAF5 /* Sources */ = {
			isa = PBXSourcesBuildPhase;
			buildActionMask = 2147483647;
			files = (
				98AA2EFA1CE6A4D200CBFAF5 /* RecordViewController.swift in Sources */,
				986AD2431CE91DDA00BE8679 /* PlaySoundsViewController+Audio.swift in Sources */,
				986AD2411CE8F02B00BE8679 /* PlaySoundsViewController.swift in Sources */,
				98AA2EF81CE6A4D200CBFAF5 /* AppDelegate.swift in Sources */,
			);
			runOnlyForDeploymentPostprocessing = 0;
		};
		98AA2F041CE6A4D200CBFAF5 /* Sources */ = {
			isa = PBXSourcesBuildPhase;
			buildActionMask = 2147483647;
			files = (
			);
			runOnlyForDeploymentPostprocessing = 0;
		};
		98AA2F0F1CE6A4D200CBFAF5 /* Sources */ = {
			isa = PBXSourcesBuildPhase;
			buildActionMask = 2147483647;
			files = (
			);
			runOnlyForDeploymentPostprocessing = 0;
		};
/* End PBXSourcesBuildPhase section */

/* Begin PBXTargetDependency section */
		98AA2F0A1CE6A4D200CBFAF5 /* PBXTargetDependency */ = {
			isa = PBXTargetDependency;
			target = 98AA2EF31CE6A4D200CBFAF5 /* PitchPerfect */;
			targetProxy = 98AA2F091CE6A4D200CBFAF5 /* PBXContainerItemProxy */;
		};
		98AA2F151CE6A4D200CBFAF5 /* PBXTargetDependency */ = {
			isa = PBXTargetDependency;
			target = 98AA2EF31CE6A4D200CBFAF5 /* PitchPerfect */;
			targetProxy = 98AA2F141CE6A4D200CBFAF5 /* PBXContainerItemProxy */;
		};
/* End PBXTargetDependency section */

/* Begin PBXVariantGroup section */
		98AA2EFB1CE6A4D200CBFAF5 /* Main.storyboard */ = {
			isa = PBXVariantGroup;
			children = (
				98AA2EFC1CE6A4D200CBFAF5 /* Base */,
			);
			name = Main.storyboard;
			sourceTree = "<group>";
		};
		98AA2F001CE6A4D200CBFAF5 /* LaunchScreen.storyboard */ = {
			isa = PBXVariantGroup;
			children = (
				98AA2F011CE6A4D200CBFAF5 /* Base */,
			);
			name = LaunchScreen.storyboard;
			sourceTree = "<group>";
		};
/* End PBXVariantGroup section */

/* Begin XCBuildConfiguration section */
		98AA2F1A1CE6A4D200CBFAF5 /* Debug */ = {
			isa = XCBuildConfiguration;
			buildSettings = {
				ALWAYS_SEARCH_USER_PATHS = NO;
				CLANG_ANALYZER_NONNULL = YES;
				CLANG_CXX_LANGUAGE_STANDARD = "gnu++0x";
				CLANG_CXX_LIBRARY = "libc++";
				CLANG_ENABLE_MODULES = YES;
				CLANG_ENABLE_OBJC_ARC = YES;
				CLANG_WARN_BOOL_CONVERSION = YES;
				CLANG_WARN_CONSTANT_CONVERSION = YES;
				CLANG_WARN_DIRECT_OBJC_ISA_USAGE = YES_ERROR;
				CLANG_WARN_EMPTY_BODY = YES;
				CLANG_WARN_ENUM_CONVERSION = YES;
				CLANG_WARN_INT_CONVERSION = YES;
				CLANG_WARN_OBJC_ROOT_CLASS = YES_ERROR;
				CLANG_WARN_UNREACHABLE_CODE = YES;
				CLANG_WARN__DUPLICATE_METHOD_MATCH = YES;
				"CODE_SIGN_IDENTITY[sdk=iphoneos*]" = "iPhone Developer";
				COPY_PHASE_STRIP = NO;
				DEBUG_INFORMATION_FORMAT = dwarf;
				ENABLE_STRICT_OBJC_MSGSEND = YES;
				ENABLE_TESTABILITY = YES;
				GCC_C_LANGUAGE_STANDARD = gnu99;
				GCC_DYNAMIC_NO_PIC = NO;
				GCC_NO_COMMON_BLOCKS = YES;
				GCC_OPTIMIZATION_LEVEL = 0;
				GCC_PREPROCESSOR_DEFINITIONS = (
					"DEBUG=1",
					"$(inherited)",
				);
				GCC_WARN_64_TO_32_BIT_CONVERSION = YES;
				GCC_WARN_ABOUT_RETURN_TYPE = YES_ERROR;
				GCC_WARN_UNDECLARED_SELECTOR = YES;
				GCC_WARN_UNINITIALIZED_AUTOS = YES_AGGRESSIVE;
				GCC_WARN_UNUSED_FUNCTION = YES;
				GCC_WARN_UNUSED_VARIABLE = YES;
				IPHONEOS_DEPLOYMENT_TARGET = 9.3;
				MTL_ENABLE_DEBUG_INFO = YES;
				ONLY_ACTIVE_ARCH = YES;
				SDKROOT = iphoneos;
				SWIFT_OPTIMIZATION_LEVEL = "-Onone";
				TARGETED_DEVICE_FAMILY = "1,2";
			};
			name = Debug;
		};
		98AA2F1B1CE6A4D200CBFAF5 /* Release */ = {
			isa = XCBuildConfiguration;
			buildSettings = {
				ALWAYS_SEARCH_USER_PATHS = NO;
				CLANG_ANALYZER_NONNULL = YES;
				CLANG_CXX_LANGUAGE_STANDARD = "gnu++0x";
				CLANG_CXX_LIBRARY = "libc++";
				CLANG_ENABLE_MODULES = YES;
				CLANG_ENABLE_OBJC_ARC = YES;
				CLANG_WARN_BOOL_CONVERSION = YES;
				CLANG_WARN_CONSTANT_CONVERSION = YES;
				CLANG_WARN_DIRECT_OBJC_ISA_USAGE = YES_ERROR;
				CLANG_WARN_EMPTY_BODY = YES;
				CLANG_WARN_ENUM_CONVERSION = YES;
				CLANG_WARN_INT_CONVERSION = YES;
				CLANG_WARN_OBJC_ROOT_CLASS = YES_ERROR;
				CLANG_WARN_UNREACHABLE_CODE = YES;
				CLANG_WARN__DUPLICATE_METHOD_MATCH = YES;
				"CODE_SIGN_IDENTITY[sdk=iphoneos*]" = "iPhone Developer";
				COPY_PHASE_STRIP = NO;
				DEBUG_INFORMATION_FORMAT = "dwarf-with-dsym";
				ENABLE_NS_ASSERTIONS = NO;
				ENABLE_STRICT_OBJC_MSGSEND = YES;
				GCC_C_LANGUAGE_STANDARD = gnu99;
				GCC_NO_COMMON_BLOCKS = YES;
				GCC_WARN_64_TO_32_BIT_CONVERSION = YES;
				GCC_WARN_ABOUT_RETURN_TYPE = YES_ERROR;
				GCC_WARN_UNDECLARED_SELECTOR = YES;
				GCC_WARN_UNINITIALIZED_AUTOS = YES_AGGRESSIVE;
				GCC_WARN_UNUSED_FUNCTION = YES;
				GCC_WARN_UNUSED_VARIABLE = YES;
				IPHONEOS_DEPLOYMENT_TARGET = 9.3;
				MTL_ENABLE_DEBUG_INFO = NO;
				SDKROOT = iphoneos;
				TARGETED_DEVICE_FAMILY = "1,2";
				VALIDATE_PRODUCT = YES;
			};
			name = Release;
		};
		98AA2F1D1CE6A4D200CBFAF5 /* Debug */ = {
			isa = XCBuildConfiguration;
			buildSettings = {
				ASSETCATALOG_COMPILER_APPICON_NAME = AppIcon;
				INFOPLIST_FILE = PitchPerfect/Info.plist;
				LD_RUNPATH_SEARCH_PATHS = "$(inherited) @executable_path/Frameworks";
				PRODUCT_BUNDLE_IDENTIFIER = com.murielsilveira.PitchPerfect;
				PRODUCT_NAME = "$(TARGET_NAME)";
			};
			name = Debug;
		};
		98AA2F1E1CE6A4D200CBFAF5 /* Release */ = {
			isa = XCBuildConfiguration;
			buildSettings = {
				ASSETCATALOG_COMPILER_APPICON_NAME = AppIcon;
				INFOPLIST_FILE = PitchPerfect/Info.plist;
				LD_RUNPATH_SEARCH_PATHS = "$(inherited) @executable_path/Frameworks";
				PRODUCT_BUNDLE_IDENTIFIER = com.murielsilveira.PitchPerfect;
				PRODUCT_NAME = "$(TARGET_NAME)";
			};
			name = Release;
		};
		98AA2F201CE6A4D200CBFAF5 /* Debug */ = {
			isa = XCBuildConfiguration;
			buildSettings = {
				BUNDLE_LOADER = "$(TEST_HOST)";
				INFOPLIST_FILE = PitchPerfectTests/Info.plist;
				LD_RUNPATH_SEARCH_PATHS = "$(inherited) @executable_path/Frameworks @loader_path/Frameworks";
				PRODUCT_BUNDLE_IDENTIFIER = com.murielsilveira.PitchPerfectTests;
				PRODUCT_NAME = "$(TARGET_NAME)";
				TEST_HOST = "$(BUILT_PRODUCTS_DIR)/PitchPerfect.app/PitchPerfect";
			};
			name = Debug;
		};
		98AA2F211CE6A4D200CBFAF5 /* Release */ = {
			isa = XCBuildConfiguration;
			buildSettings = {
				BUNDLE_LOADER = "$(TEST_HOST)";
				INFOPLIST_FILE = PitchPerfectTests/Info.plist;
				LD_RUNPATH_SEARCH_PATHS = "$(inherited) @executable_path/Frameworks @loader_path/Frameworks";
				PRODUCT_BUNDLE_IDENTIFIER = com.murielsilveira.PitchPerfectTests;
				PRODUCT_NAME = "$(TARGET_NAME)";
				TEST_HOST = "$(BUILT_PRODUCTS_DIR)/PitchPerfect.app/PitchPerfect";
			};
			name = Release;
		};
		98AA2F231CE6A4D200CBFAF5 /* Debug */ = {
			isa = XCBuildConfiguration;
			buildSettings = {
				INFOPLIST_FILE = PitchPerfectUITests/Info.plist;
				LD_RUNPATH_SEARCH_PATHS = "$(inherited) @executable_path/Frameworks @loader_path/Frameworks";
				PRODUCT_BUNDLE_IDENTIFIER = com.murielsilveira.PitchPerfectUITests;
				PRODUCT_NAME = "$(TARGET_NAME)";
				TEST_TARGET_NAME = PitchPerfect;
			};
			name = Debug;
		};
		98AA2F241CE6A4D200CBFAF5 /* Release */ = {
			isa = XCBuildConfiguration;
			buildSettings = {
				INFOPLIST_FILE = PitchPerfectUITests/Info.plist;
				LD_RUNPATH_SEARCH_PATHS = "$(inherited) @executable_path/Frameworks @loader_path/Frameworks";
				PRODUCT_BUNDLE_IDENTIFIER = com.murielsilveira.PitchPerfectUITests;
				PRODUCT_NAME = "$(TARGET_NAME)";
				TEST_TARGET_NAME = PitchPerfect;
			};
			name = Release;
		};
/* End XCBuildConfiguration section */

/* Begin XCConfigurationList section */
		98AA2EEF1CE6A4D200CBFAF5 /* Build configuration list for PBXProject "PitchPerfect" */ = {
			isa = XCConfigurationList;
			buildConfigurations = (
				98AA2F1A1CE6A4D200CBFAF5 /* Debug */,
				98AA2F1B1CE6A4D200CBFAF5 /* Release */,
			);
			defaultConfigurationIsVisible = 0;
			defaultConfigurationName = Release;
		};
		98AA2F1C1CE6A4D200CBFAF5 /* Build configuration list for PBXNativeTarget "PitchPerfect" */ = {
			isa = XCConfigurationList;
			buildConfigurations = (
				98AA2F1D1CE6A4D200CBFAF5 /* Debug */,
				98AA2F1E1CE6A4D200CBFAF5 /* Release */,
			);
			defaultConfigurationIsVisible = 0;
			defaultConfigurationName = Release;
		};
		98AA2F1F1CE6A4D200CBFAF5 /* Build configuration list for PBXNativeTarget "PitchPerfectTests" */ = {
			isa = XCConfigurationList;
			buildConfigurations = (
				98AA2F201CE6A4D200CBFAF5 /* Debug */,
				98AA2F211CE6A4D200CBFAF5 /* Release */,
			);
			defaultConfigurationIsVisible = 0;
			defaultConfigurationName = Release;
		};
		98AA2F221CE6A4D200CBFAF5 /* Build configuration list for PBXNativeTarget "PitchPerfectUITests" */ = {
			isa = XCConfigurationList;
			buildConfigurations = (
				98AA2F231CE6A4D200CBFAF5 /* Debug */,
				98AA2F241CE6A4D200CBFAF5 /* Release */,
			);
			defaultConfigurationIsVisible = 0;
			defaultConfigurationName = Release;
		};
/* End XCConfigurationList section */
	};
	rootObject = 98AA2EEC1CE6A4D200CBFAF5 /* Project object */;
}
